{
    "name": "website",
    "lockfileVersion": 3,
    "requires": true,
    "packages": {
        "": {
            "dependencies": {
                "daisyui": "^5.5.18"
            },
            "devDependencies": {
                "tailwindcss": "^4.2.0"
            }
        },
        "node_modules/daisyui": {
            "version": "5.5.18",
            "resolved": "https://registry.npmjs.org/daisyui/-/daisyui-5.5.18.tgz",
            "integrity": "sha512-VVzjpOitMGB6DWIBeRSapbjdOevFqyzpk9u5Um6a4tyId3JFrU5pbtF0vgjXDth76mJZbueN/j9Ok03SPrh/og==",
            "license": "MIT",
            "funding": {
                "url": "https://github.com/saadeghi/daisyui?sponsor=1"
            }
        },
        "node_modules/tailwindcss": {
            "version": "4.2.0",
            "resolved": "https://registry.npmjs.org/tailwindcss/-/tailwindcss-4.2.0.tgz",
            "integrity": "sha512-yYzTZ4++b7fNYxFfpnberEEKu43w44aqDMNM9MHMmcKuCH7lL8jJ4yJ7LGHv7rSwiqM0nkiobF9I6cLlpS2P7Q==",
            "dev": true,
            "license": "MIT"
        }
    }
}
